
Microsoft Visual Studio Solution File, Format Version 12.00
# Visual Studio Version 17
VisualStudioVersion = 17.4.33205.214
MinimumVisualStudioVersion = 10.0.40219.1
Project("{FAE04EC0-301F-11D3-BF4B-00C04F79EFBC}") = "afdbox", "afdbox\afdbox.csproj", "{A140C2D5-6E42-494D-AA8A-10F5989EE8FB}"
EndProject
Global
	GlobalSection(SolutionConfigurationPlatforms) = preSolution
		Debug|Any CPU = Debug|Any CPU
		Release|Any CPU = Release|Any CPU
	EndGlobalSection
	GlobalSection(ProjectConfigurationPlatforms) = postSolution
		{A140C2D5-6E42-494D-AA8A-10F5989EE8FB}.Debug|Any CPU.ActiveCfg = Debug|Any CPU
		{A140C2D5-6E42-494D-AA8A-10F5989EE8FB}.Debug|Any CPU.Build.0 = Debug|Any CPU
		{A140C2D5-6E42-494D-AA8A-10F5989EE8FB}.Release|Any CPU.ActiveCfg = Release|Any CPU
		{A140C2D5-6E42-494D-AA8A-10F5989EE8FB}.Release|Any CPU.Build.0 = Release|Any CPU
	EndGlobalSection
	GlobalSection(SolutionProperties) = preSolution
		HideSolutionNode = FALSE
	EndGlobalSection
	GlobalSection(ExtensibilityGlobals) = postSolution
		SolutionGuid = {4013375D-A951-40C9-93AF-9152BFF60BA4}
	EndGlobalSection
EndGlobal
